PODS:
  - GeoReversor (0.3.0):
    - SSZipArchive
  - SSZipArchive (2.4.3)

DEPENDENCIES:
  - GeoReversor (from `../`)

SPEC REPOS:
  trunk:
    - SSZipArchive

EXTERNAL SOURCES:
  GeoReversor:
    :path: "../"

SPEC CHECKSUMS:
  GeoReversor: 8828ca14517eb83d3f1a0e3c519d60337bd792b9
  SSZipArchive: fe6a26b2a54d5a0890f2567b5cc6de5caa600aef

PODFILE CHECKSUM: c7c795b878151822a07229a644f38c77ef3b60e8

COCOAPODS: 1.11.3
